
Microsoft Visual Studio Solution File, Format Version 12.00
# Visual Studio Version 17
VisualStudioVersion = 17.1.32328.378
MinimumVisualStudioVersion = 10.0.40219.1
Project("{FAE04EC0-301F-11D3-BF4B-00C04F79EFBC}") = "ParcialSanchezChandiaLautaro", "ParcialSanchezChandiaLautaro\ParcialSanchezChandiaLautaro.csproj", "{E091CED1-5AA6-42D0-BEB6-9CEA09FF946E}"
EndProject
Global
	GlobalSection(SolutionConfigurationPlatforms) = preSolution
		Debug|Any CPU = Debug|Any CPU
		Release|Any CPU = Release|Any CPU
	EndGlobalSection
	GlobalSection(ProjectConfigurationPlatforms) = postSolution
		{E091CED1-5AA6-42D0-BEB6-9CEA09FF946E}.Debug|Any CPU.ActiveCfg = Debug|Any CPU
		{E091CED1-5AA6-42D0-BEB6-9CEA09FF946E}.Debug|Any CPU.Build.0 = Debug|Any CPU
		{E091CED1-5AA6-42D0-BEB6-9CEA09FF946E}.Release|Any CPU.ActiveCfg = Release|Any CPU
		{E091CED1-5AA6-42D0-BEB6-9CEA09FF946E}.Release|Any CPU.Build.0 = Release|Any CPU
	EndGlobalSection
	GlobalSection(SolutionProperties) = preSolution
		HideSolutionNode = FALSE
	EndGlobalSection
	GlobalSection(ExtensibilityGlobals) = postSolution
		SolutionGuid = {D722705F-56D3-49F4-AA90-8EA613FF9238}
	EndGlobalSection
EndGlobal
